// !$*UTF8*$!
{
	archiveVersion = 1;
	classes = {
	};
	objectVersion = 54;
	objects = {

/* Begin PBXBuildFile section */
		404D59FA24DA36D3009E899A /* AppDelegate.swift in Sources */ = {isa = PBXBuildFile; fileRef = 404D59F924DA36D3009E899A /* AppDelegate.swift */; };
		404D59FC24DA36D3009E899A /* SceneDelegate.swift in Sources */ = {isa = PBXBuildFile; fileRef = 404D59FB24DA36D3009E899A /* SceneDelegate.swift */; };
		404D59FE24DA36D3009E899A /* ContentView.swift in Sources */ = {isa = PBXBuildFile; fileRef = 404D59FD24DA36D3009E899A /* ContentView.swift */; };
		404D5A0024DA36D5009E899A /* Assets.xcassets in Resources */ = {isa = PBXBuildFile; fileRef = 404D59FF24DA36D5009E899A /* Assets.xcassets */; };
		404D5A0324DA36D5009E899A /* Preview Assets.xcassets in Resources */ = {isa = PBXBuildFile; fileRef = 404D5A0224DA36D5009E899A /* Preview Assets.xcassets */; };
		404D5A0624DA36D5009E899A /* LaunchScreen.storyboard in Resources */ = {isa = PBXBuildFile; fileRef = 404D5A0424DA36D5009E899A /* LaunchScreen.storyboard */; };
		404D5A0F24DA36ED009E899A /* RefreshButton.swift in Sources */ = {isa = PBXBuildFile; fileRef = 404D5A0E24DA36ED009E899A /* RefreshButton.swift */; };
		404D5A1124DA36F8009E899A /* FlipToggleButton.swift in Sources */ = {isa = PBXBuildFile; fileRef = 404D5A1024DA36F8009E899A /* FlipToggleButton.swift */; };
		404D5A1324DA3709009E899A /* SkewableTextfield.swift in Sources */ = {isa = PBXBuildFile; fileRef = 404D5A1224DA3709009E899A /* SkewableTextfield.swift */; };
		4081900426233881008AB254 /* CapsuleButton.swift in Sources */ = {isa = PBXBuildFile; fileRef = 4081900326233881008AB254 /* CapsuleButton.swift */; };
		4081900726233B0B008AB254 /* ImageButton.swift in Sources */ = {isa = PBXBuildFile; fileRef = 4081900626233B0B008AB254 /* ImageButton.swift */; };
		4081900B26234D75008AB254 /* ShakingButton.swift in Sources */ = {isa = PBXBuildFile; fileRef = 4081900A26234D75008AB254 /* ShakingButton.swift */; };
		4081901026235978008AB254 /* Banner.swift in Sources */ = {isa = PBXBuildFile; fileRef = 4081900F26235978008AB254 /* Banner.swift */; };
		4081901326235B47008AB254 /* AlertsView.swift in Sources */ = {isa = PBXBuildFile; fileRef = 4081901226235B47008AB254 /* AlertsView.swift */; };
		4081901926235ED5008AB254 /* DismissableViewModel.swift in Sources */ = {isa = PBXBuildFile; fileRef = 4081901826235ED5008AB254 /* DismissableViewModel.swift */; };
		40819020262362B7008AB254 /* Toast.swift in Sources */ = {isa = PBXBuildFile; fileRef = 4081901F262362B7008AB254 /* Toast.swift */; };
		408F36E22B69DA98006CE072 /* HearRateMonitor.swift in Sources */ = {isa = PBXBuildFile; fileRef = 408F36E12B69DA98006CE072 /* HearRateMonitor.swift */; };
		40EDB9962B44F5B30068AD52 /* TimeButton.swift in Sources */ = {isa = PBXBuildFile; fileRef = 40EDB9952B44F5B30068AD52 /* TimeButton.swift */; };
/* End PBXBuildFile section */

/* Begin PBXFileReference section */
		404D59F624DA36D3009E899A /* Showcase.app */ = {isa = PBXFileReference; explicitFileType = wrapper.application; includeInIndex = 0; path = Showcase.app; sourceTree = BUILT_PRODUCTS_DIR; };
		404D59F924DA36D3009E899A /* AppDelegate.swift */ = {isa = PBXFileReference; lastKnownFileType = sourcecode.swift; path = AppDelegate.swift; sourceTree = "<group>"; };
		404D59FB24DA36D3009E899A /* SceneDelegate.swift */ = {isa = PBXFileReference; lastKnownFileType = sourcecode.swift; path = SceneDelegate.swift; sourceTree = "<group>"; };
		404D59FD24DA36D3009E899A /* ContentView.swift */ = {isa = PBXFileReference; lastKnownFileType = sourcecode.swift; path = ContentView.swift; sourceTree = "<group>"; };
		404D59FF24DA36D5009E899A /* Assets.xcassets */ = {isa = PBXFileReference; lastKnownFileType = folder.assetcatalog; path = Assets.xcassets; sourceTree = "<group>"; };
		404D5A0224DA36D5009E899A /* Preview Assets.xcassets */ = {isa = PBXFileReference; lastKnownFileType = folder.assetcatalog; path = "Preview Assets.xcassets"; sourceTree = "<group>"; };
		404D5A0524DA36D5009E899A /* Base */ = {isa = PBXFileReference; lastKnownFileType = file.storyboard; name = Base; path = Base.lproj/LaunchScreen.storyboard; sourceTree = "<group>"; };
		404D5A0724DA36D5009E899A /* Info.plist */ = {isa = PBXFileReference; lastKnownFileType = text.plist.xml; path = Info.plist; sourceTree = "<group>"; };
		404D5A0E24DA36ED009E899A /* RefreshButton.swift */ = {isa = PBXFileReference; lastKnownFileType = sourcecode.swift; path = RefreshButton.swift; sourceTree = "<group>"; };
		404D5A1024DA36F8009E899A /* FlipToggleButton.swift */ = {isa = PBXFileReference; lastKnownFileType = sourcecode.swift; path = FlipToggleButton.swift; sourceTree = "<group>"; };
		404D5A1224DA3709009E899A /* SkewableTextfield.swift */ = {isa = PBXFileReference; lastKnownFileType = sourcecode.swift; path = SkewableTextfield.swift; sourceTree = "<group>"; };
		4081900326233881008AB254 /* CapsuleButton.swift */ = {isa = PBXFileReference; lastKnownFileType = sourcecode.swift; path = CapsuleButton.swift; sourceTree = "<group>"; };
		4081900626233B0B008AB254 /* ImageButton.swift */ = {isa = PBXFileReference; lastKnownFileType = sourcecode.swift; path = ImageButton.swift; sourceTree = "<group>"; };
		4081900A26234D75008AB254 /* ShakingButton.swift */ = {isa = PBXFileReference; lastKnownFileType = sourcecode.swift; path = ShakingButton.swift; sourceTree = "<group>"; };
		4081900F26235978008AB254 /* Banner.swift */ = {isa = PBXFileReference; lastKnownFileType = sourcecode.swift; path = Banner.swift; sourceTree = "<group>"; };
		4081901226235B47008AB254 /* AlertsView.swift */ = {isa = PBXFileReference; lastKnownFileType = sourcecode.swift; path = AlertsView.swift; sourceTree = "<group>"; };
		4081901826235ED5008AB254 /* DismissableViewModel.swift */ = {isa = PBXFileReference; lastKnownFileType = sourcecode.swift; path = DismissableViewModel.swift; sourceTree = "<group>"; };
		4081901F262362B7008AB254 /* Toast.swift */ = {isa = PBXFileReference; lastKnownFileType = sourcecode.swift; path = Toast.swift; sourceTree = "<group>"; };
		408F36E12B69DA98006CE072 /* HearRateMonitor.swift */ = {isa = PBXFileReference; lastKnownFileType = sourcecode.swift; path = HearRateMonitor.swift; sourceTree = "<group>"; };
		40EDB9952B44F5B30068AD52 /* TimeButton.swift */ = {isa = PBXFileReference; lastKnownFileType = sourcecode.swift; path = TimeButton.swift; sourceTree = "<group>"; };
/* End PBXFileReference section */

/* Begin PBXFrameworksBuildPhase section */
		404D59F324DA36D3009E899A /* Frameworks */ = {
			isa = PBXFrameworksBuildPhase;
			buildActionMask = 2147483647;
			files = (
			);
			runOnlyForDeploymentPostprocessing = 0;
		};
/* End PBXFrameworksBuildPhase section */

/* Begin PBXGroup section */
		404D59ED24DA36D3009E899A = {
			isa = PBXGroup;
			children = (
				404D59F824DA36D3009E899A /* Showcase */,
				404D59F724DA36D3009E899A /* Products */,
			);
			sourceTree = "<group>";
		};
		404D59F724DA36D3009E899A /* Products */ = {
			isa = PBXGroup;
			children = (
				404D59F624DA36D3009E899A /* Showcase.app */,
			);
			name = Products;
			sourceTree = "<group>";
		};
		404D59F824DA36D3009E899A /* Showcase */ = {
			isa = PBXGroup;
			children = (
				4081900D2623596B008AB254 /* Alerts */,
				4081900226233870008AB254 /* Buttons */,
				404D5A0D24DA36E2009E899A /* Animations */,
				404D59F924DA36D3009E899A /* AppDelegate.swift */,
				404D59FB24DA36D3009E899A /* SceneDelegate.swift */,
				404D59FD24DA36D3009E899A /* ContentView.swift */,
				4081901226235B47008AB254 /* AlertsView.swift */,
				404D59FF24DA36D5009E899A /* Assets.xcassets */,
				404D5A0424DA36D5009E899A /* LaunchScreen.storyboard */,
				404D5A0724DA36D5009E899A /* Info.plist */,
				404D5A0124DA36D5009E899A /* Preview Content */,
			);
			path = Showcase;
			sourceTree = "<group>";
		};
		404D5A0124DA36D5009E899A /* Preview Content */ = {
			isa = PBXGroup;
			children = (
				404D5A0224DA36D5009E899A /* Preview Assets.xcassets */,
			);
			path = "Preview Content";
			sourceTree = "<group>";
		};
		404D5A0D24DA36E2009E899A /* Animations */ = {
			isa = PBXGroup;
			children = (
				404D5A0E24DA36ED009E899A /* RefreshButton.swift */,
				404D5A1024DA36F8009E899A /* FlipToggleButton.swift */,
				404D5A1224DA3709009E899A /* SkewableTextfield.swift */,
				408F36E12B69DA98006CE072 /* HearRateMonitor.swift */,
			);
			path = Animations;
			sourceTree = "<group>";
		};
		4081900226233870008AB254 /* Buttons */ = {
			isa = PBXGroup;
			children = (
				4081900326233881008AB254 /* CapsuleButton.swift */,
				4081900626233B0B008AB254 /* ImageButton.swift */,
				4081900A26234D75008AB254 /* ShakingButton.swift */,
				40EDB9952B44F5B30068AD52 /* TimeButton.swift */,
			);
			path = Buttons;
			sourceTree = "<group>";
		};
		4081900D2623596B008AB254 /* Alerts */ = {
			isa = PBXGroup;
			children = (
				4081900F26235978008AB254 /* Banner.swift */,
				4081901826235ED5008AB254 /* DismissableViewModel.swift */,
				4081901F262362B7008AB254 /* Toast.swift */,
			);
			path = Alerts;
			sourceTree = "<group>";
		};
/* End PBXGroup section */

/* Begin PBXNativeTarget section */
		404D59F524DA36D3009E899A /* Showcase */ = {
			isa = PBXNativeTarget;
			buildConfigurationList = 404D5A0A24DA36D5009E899A /* Build configuration list for PBXNativeTarget "Showcase" */;
			buildPhases = (
				404D59F224DA36D3009E899A /* Sources */,
				404D59F324DA36D3009E899A /* Frameworks */,
				404D59F424DA36D3009E899A /* Resources */,
			);
			buildRules = (
			);
			dependencies = (
			);
			name = Showcase;
			productName = AnimationShowcase;
			productReference = 404D59F624DA36D3009E899A /* Showcase.app */;
			productType = "com.apple.product-type.application";
		};
/* End PBXNativeTarget section */

/* Begin PBXProject section */
		404D59EE24DA36D3009E899A /* Project object */ = {
			isa = PBXProject;
			attributes = {
				BuildIndependentTargetsInParallel = YES;
				LastSwiftUpdateCheck = 1160;
				LastUpgradeCheck = 1500;
				ORGANIZATIONNAME = CodingWithTom;
				TargetAttributes = {
					404D59F524DA36D3009E899A = {
						CreatedOnToolsVersion = 11.6;
					};
				};
			};
			buildConfigurationList = 404D59F124DA36D3009E899A /* Build configuration list for PBXProject "Showcase" */;
			compatibilityVersion = "Xcode 9.3";
			developmentRegion = en;
			hasScannedForEncodings = 0;
			knownRegions = (
				en,
				Base,
			);
			mainGroup = 404D59ED24DA36D3009E899A;
			productRefGroup = 404D59F724DA36D3009E899A /* Products */;
			projectDirPath = "";
			projectRoot = "";
			targets = (
				404D59F524DA36D3009E899A /* Showcase */,
			);
		};
/* End PBXProject section */

/* Begin PBXResourcesBuildPhase section */
		404D59F424DA36D3009E899A /* Resources */ = {
			isa = PBXResourcesBuildPhase;
			buildActionMask = 2147483647;
			files = (
				404D5A0624DA36D5009E899A /* LaunchScreen.storyboard in Resources */,
				404D5A0324DA36D5009E899A /* Preview Assets.xcassets in Resources */,
				404D5A0024DA36D5009E899A /* Assets.xcassets in Resources */,
			);
			runOnlyForDeploymentPostprocessing = 0;
		};
/* End PBXResourcesBuildPhase section */

/* Begin PBXSourcesBuildPhase section */
		404D59F224DA36D3009E899A /* Sources */ = {
			isa = PBXSourcesBuildPhase;
			buildActionMask = 2147483647;
			files = (
				40819020262362B7008AB254 /* Toast.swift in Sources */,
				4081901326235B47008AB254 /* AlertsView.swift in Sources */,
				4081900426233881008AB254 /* CapsuleButton.swift in Sources */,
				404D59FA24DA36D3009E899A /* AppDelegate.swift in Sources */,
				40EDB9962B44F5B30068AD52 /* TimeButton.swift in Sources */,
				404D5A0F24DA36ED009E899A /* RefreshButton.swift in Sources */,
				4081900726233B0B008AB254 /* ImageButton.swift in Sources */,
				404D59FC24DA36D3009E899A /* SceneDelegate.swift in Sources */,
				404D5A1324DA3709009E899A /* SkewableTextfield.swift in Sources */,
				404D59FE24DA36D3009E899A /* ContentView.swift in Sources */,
				4081901026235978008AB254 /* Banner.swift in Sources */,
				408F36E22B69DA98006CE072 /* HearRateMonitor.swift in Sources */,
				4081901926235ED5008AB254 /* DismissableViewModel.swift in Sources */,
				404D5A1124DA36F8009E899A /* FlipToggleButton.swift in Sources */,
				4081900B26234D75008AB254 /* ShakingButton.swift in Sources */,
			);
			runOnlyForDeploymentPostprocessing = 0;
		};
/* End PBXSourcesBuildPhase section */

/* Begin PBXVariantGroup section */
		404D5A0424DA36D5009E899A /* LaunchScreen.storyboard */ = {
			isa = PBXVariantGroup;
			children = (
				404D5A0524DA36D5009E899A /* Base */,
			);
			name = LaunchScreen.storyboard;
			sourceTree = "<group>";
		};
/* End PBXVariantGroup section */

/* Begin XCBuildConfiguration section */
		404D5A0824DA36D5009E899A /* Debug */ = {
			isa = XCBuildConfiguration;
			buildSettings = {
				ALWAYS_SEARCH_USER_PATHS = NO;
				CLANG_ANALYZER_NONNULL = YES;
				CLANG_ANALYZER_NUMBER_OBJECT_CONVERSION = YES_AGGRESSIVE;
				CLANG_CXX_LANGUAGE_STANDARD = "gnu++14";
				CLANG_CXX_LIBRARY = "libc++";
				CLANG_ENABLE_MODULES = YES;
				CLANG_ENABLE_OBJC_ARC = YES;
				CLANG_ENABLE_OBJC_WEAK = YES;
				CLANG_WARN_BLOCK_CAPTURE_AUTORELEASING = YES;
				CLANG_WARN_BOOL_CONVERSION = YES;
				CLANG_WARN_COMMA = YES;
				CLANG_WARN_CONSTANT_CONVERSION = YES;
				CLANG_WARN_DEPRECATED_OBJC_IMPLEMENTATIONS = YES;
				CLANG_WARN_DIRECT_OBJC_ISA_USAGE = YES_ERROR;
				CLANG_WARN_DOCUMENTATION_COMMENTS = YES;
				CLANG_WARN_EMPTY_BODY = YES;
				CLANG_WARN_ENUM_CONVERSION = YES;
				CLANG_WARN_INFINITE_RECURSION = YES;
				CLANG_WARN_INT_CONVERSION = YES;
				CLANG_WARN_NON_LITERAL_NULL_CONVERSION = YES;
				CLANG_WARN_OBJC_IMPLICIT_RETAIN_SELF = YES;
				CLANG_WARN_OBJC_LITERAL_CONVERSION = YES;
				CLANG_WARN_OBJC_ROOT_CLASS = YES_ERROR;
				CLANG_WARN_QUOTED_INCLUDE_IN_FRAMEWORK_HEADER = YES;
				CLANG_WARN_RANGE_LOOP_ANALYSIS = YES;
				CLANG_WARN_STRICT_PROTOTYPES = YES;
				CLANG_WARN_SUSPICIOUS_MOVE = YES;
				CLANG_WARN_UNGUARDED_AVAILABILITY = YES_AGGRESSIVE;
				CLANG_WARN_UNREACHABLE_CODE = YES;
				CLANG_WARN__DUPLICATE_METHOD_MATCH = YES;
				COPY_PHASE_STRIP = NO;
				DEBUG_INFORMATION_FORMAT = dwarf;
				ENABLE_STRICT_OBJC_MSGSEND = YES;
				ENABLE_TESTABILITY = YES;
				ENABLE_USER_SCRIPT_SANDBOXING = YES;
				GCC_C_LANGUAGE_STANDARD = gnu11;
				GCC_DYNAMIC_NO_PIC = NO;
				GCC_NO_COMMON_BLOCKS = YES;
				GCC_OPTIMIZATION_LEVEL = 0;
				GCC_PREPROCESSOR_DEFINITIONS = (
					"DEBUG=1",
					"$(inherited)",
				);
				GCC_WARN_64_TO_32_BIT_CONVERSION = YES;
				GCC_WARN_ABOUT_RETURN_TYPE = YES_ERROR;
				GCC_WARN_UNDECLARED_SELECTOR = YES;
				GCC_WARN_UNINITIALIZED_AUTOS = YES_AGGRESSIVE;
				GCC_WARN_UNUSED_FUNCTION = YES;
				GCC_WARN_UNUSED_VARIABLE = YES;
				IPHONEOS_DEPLOYMENT_TARGET = 13.6;
				MTL_ENABLE_DEBUG_INFO = INCLUDE_SOURCE;
				MTL_FAST_MATH = YES;
				ONLY_ACTIVE_ARCH = YES;
				SDKROOT = iphoneos;
				SWIFT_ACTIVE_COMPILATION_CONDITIONS = DEBUG;
				SWIFT_OPTIMIZATION_LEVEL = "-Onone";
			};
			name = Debug;
		};
		404D5A0924DA36D5009E899A /* Release */ = {
			isa = XCBuildConfiguration;
			buildSettings = {
				ALWAYS_SEARCH_USER_PATHS = NO;
				CLANG_ANALYZER_NONNULL = YES;
				CLANG_ANALYZER_NUMBER_OBJECT_CONVERSION = YES_AGGRESSIVE;
				CLANG_CXX_LANGUAGE_STANDARD = "gnu++14";
				CLANG_CXX_LIBRARY = "libc++";
				CLANG_ENABLE_MODULES = YES;
				CLANG_ENABLE_OBJC_ARC = YES;
				CLANG_ENABLE_OBJC_WEAK = YES;
				CLANG_WARN_BLOCK_CAPTURE_AUTORELEASING = YES;
				CLANG_WARN_BOOL_CONVERSION = YES;
				CLANG_WARN_COMMA = YES;
				CLANG_WARN_CONSTANT_CONVERSION = YES;
				CLANG_WARN_DEPRECATED_OBJC_IMPLEMENTATIONS = YES;
				CLANG_WARN_DIRECT_OBJC_ISA_USAGE = YES_ERROR;
				CLANG_WARN_DOCUMENTATION_COMMENTS = YES;
				CLANG_WARN_EMPTY_BODY = YES;
				CLANG_WARN_ENUM_CONVERSION = YES;
				CLANG_WARN_INFINITE_RECURSION = YES;
				CLANG_WARN_INT_CONVERSION = YES;
				CLANG_WARN_NON_LITERAL_NULL_CONVERSION = YES;
				CLANG_WARN_OBJC_IMPLICIT_RETAIN_SELF = YES;
				CLANG_WARN_OBJC_LITERAL_CONVERSION = YES;
				CLANG_WARN_OBJC_ROOT_CLASS = YES_ERROR;
				CLANG_WARN_QUOTED_INCLUDE_IN_FRAMEWORK_HEADER = YES;
				CLANG_WARN_RANGE_LOOP_ANALYSIS = YES;
				CLANG_WARN_STRICT_PROTOTYPES = YES;
				CLANG_WARN_SUSPICIOUS_MOVE = YES;
				CLANG_WARN_UNGUARDED_AVAILABILITY = YES_AGGRESSIVE;
				CLANG_WARN_UNREACHABLE_CODE = YES;
				CLANG_WARN__DUPLICATE_METHOD_MATCH = YES;
				COPY_PHASE_STRIP = NO;
				DEBUG_INFORMATION_FORMAT = "dwarf-with-dsym";
				ENABLE_NS_ASSERTIONS = NO;
				ENABLE_STRICT_OBJC_MSGSEND = YES;
				ENABLE_USER_SCRIPT_SANDBOXING = YES;
				GCC_C_LANGUAGE_STANDARD = gnu11;
				GCC_NO_COMMON_BLOCKS = YES;
				GCC_WARN_64_TO_32_BIT_CONVERSION = YES;
				GCC_WARN_ABOUT_RETURN_TYPE = YES_ERROR;
				GCC_WARN_UNDECLARED_SELECTOR = YES;
				GCC_WARN_UNINITIALIZED_AUTOS = YES_AGGRESSIVE;
				GCC_WARN_UNUSED_FUNCTION = YES;
				GCC_WARN_UNUSED_VARIABLE = YES;
				IPHONEOS_DEPLOYMENT_TARGET = 13.6;
				MTL_ENABLE_DEBUG_INFO = NO;
				MTL_FAST_MATH = YES;
				SDKROOT = iphoneos;
				SWIFT_COMPILATION_MODE = wholemodule;
				SWIFT_OPTIMIZATION_LEVEL = "-O";
				VALIDATE_PRODUCT = YES;
			};
			name = Release;
		};
		404D5A0B24DA36D5009E899A /* Debug */ = {
			isa = XCBuildConfiguration;
			buildSettings = {
				ASSETCATALOG_COMPILER_APPICON_NAME = AppIcon;
				CODE_SIGN_STYLE = Automatic;
				DEVELOPMENT_ASSET_PATHS = "\"Showcase/Preview Content\"";
				ENABLE_PREVIEWS = YES;
				INFOPLIST_FILE = Showcase/Info.plist;
				IPHONEOS_DEPLOYMENT_TARGET = 17.0;
				LD_RUNPATH_SEARCH_PATHS = (
					"$(inherited)",
					"@executable_path/Frameworks",
				);
				PRODUCT_BUNDLE_IDENTIFIER = com.CodingWithTom.Showcase;
				PRODUCT_NAME = "$(TARGET_NAME)";
				SWIFT_VERSION = 5.0;
				TARGETED_DEVICE_FAMILY = "1,2";
			};
			name = Debug;
		};
		404D5A0C24DA36D5009E899A /* Release */ = {
			isa = XCBuildConfiguration;
			buildSettings = {
				ASSETCATALOG_COMPILER_APPICON_NAME = AppIcon;
				CODE_SIGN_STYLE = Automatic;
				DEVELOPMENT_ASSET_PATHS = "\"Showcase/Preview Content\"";
				ENABLE_PREVIEWS = YES;
				INFOPLIST_FILE = Showcase/Info.plist;
				IPHONEOS_DEPLOYMENT_TARGET = 17.0;
				LD_RUNPATH_SEARCH_PATHS = (
					"$(inherited)",
					"@executable_path/Frameworks",
				);
				PRODUCT_BUNDLE_IDENTIFIER = com.CodingWithTom.Showcase;
				PRODUCT_NAME = "$(TARGET_NAME)";
				SWIFT_VERSION = 5.0;
				TARGETED_DEVICE_FAMILY = "1,2";
			};
			name = Release;
		};
/* End XCBuildConfiguration section */

/* Begin XCConfigurationList section */
		404D59F124DA36D3009E899A /* Build configuration list for PBXProject "Showcase" */ = {
			isa = XCConfigurationList;
			buildConfigurations = (
				404D5A0824DA36D5009E899A /* Debug */,
				404D5A0924DA36D5009E899A /* Release */,
			);
			defaultConfigurationIsVisible = 0;
			defaultConfigurationName = Release;
		};
		404D5A0A24DA36D5009E899A /* Build configuration list for PBXNativeTarget "Showcase" */ = {
			isa = XCConfigurationList;
			buildConfigurations = (
				404D5A0B24DA36D5009E899A /* Debug */,
				404D5A0C24DA36D5009E899A /* Release */,
			);
			defaultConfigurationIsVisible = 0;
			defaultConfigurationName = Release;
		};
/* End XCConfigurationList section */
	};
	rootObject = 404D59EE24DA36D3009E899A /* Project object */;
}
